// !$*UTF8*$!
{
	archiveVersion = 1;
	classes = {
	};
	objectVersion = 55;
	objects = {

/* Begin PBXBuildFile section */
		BBC593B028A64A6800DEEF74 /* MyNoteTrainerApp.swift in Sources */ = {isa = PBXBuildFile; fileRef = BBC593AF28A64A6800DEEF74 /* MyNoteTrainerApp.swift */; };
		BBC593B228A64A6800DEEF74 /* ContentView.swift in Sources */ = {isa = PBXBuildFile; fileRef = BBC593B128A64A6800DEEF74 /* ContentView.swift */; };
		BBC593B428A64A6B00DEEF74 /* Assets.xcassets in Resources */ = {isa = PBXBuildFile; fileRef = BBC593B328A64A6B00DEEF74 /* Assets.xcassets */; };
		BBC593B728A64A6B00DEEF74 /* Preview Assets.xcassets in Resources */ = {isa = PBXBuildFile; fileRef = BBC593B628A64A6B00DEEF74 /* Preview Assets.xcassets */; };
/* End PBXBuildFile section */

/* Begin PBXFileReference section */
		BBC593AC28A64A6800DEEF74 /* MyNoteTrainer.app */ = {isa = PBXFileReference; explicitFileType = wrapper.application; includeInIndex = 0; path = MyNoteTrainer.app; sourceTree = BUILT_PRODUCTS_DIR; };
		BBC593AF28A64A6800DEEF74 /* MyNoteTrainerApp.swift */ = {isa = PBXFileReference; lastKnownFileType = sourcecode.swift; path = MyNoteTrainerApp.swift; sourceTree = "<group>"; };
		BBC593B128A64A6800DEEF74 /* ContentView.swift */ = {isa = PBXFileReference; lastKnownFileType = sourcecode.swift; path = ContentView.swift; sourceTree = "<group>"; };
		BBC593B328A64A6B00DEEF74 /* Assets.xcassets */ = {isa = PBXFileReference; lastKnownFileType = folder.assetcatalog; path = Assets.xcassets; sourceTree = "<group>"; };
		BBC593B628A64A6B00DEEF74 /* Preview Assets.xcassets */ = {isa = PBXFileReference; lastKnownFileType = folder.assetcatalog; path = "Preview Assets.xcassets"; sourceTree = "<group>"; };
/* End PBXFileReference section */

/* Begin PBXFrameworksBuildPhase section */
		BBC593A928A64A6800DEEF74 /* Frameworks */ = {
			isa = PBXFrameworksBuildPhase;
			buildActionMask = 2147483647;
			files = (
			);
			runOnlyForDeploymentPostprocessing = 0;
		};
/* End PBXFrameworksBuildPhase section */

/* Begin PBXGroup section */
		BB3082C928AA102400FADEEE /* Utils */ = {
			isa = PBXGroup;
			children = (
				BB3082E428AA182A00FADEEE /* Extentions */,
			);
			path = Utils;
			sourceTree = "<group>";
		};
		BB3082CA28AA102A00FADEEE /* Sounds */ = {
			isa = PBXGroup;
			children = (
			);
			path = Sounds;
			sourceTree = "<group>";
		};
		BB3082CB28AA103600FADEEE /* Model */ = {
			isa = PBXGroup;
			children = (
				BB3082E228AA168700FADEEE /* ScalesLearn */,
				BB3082E128AA168100FADEEE /* ScalesQuiz */,
				BB3082E028AA167900FADEEE /* MusicalNoteLearn */,
				BB3082DF28AA167000FADEEE /* MusicalNoteQuiz */,
				BB3082DE28AA166A00FADEEE /* ClefLearn */,
				BB3082DD28AA166200FADEEE /* ClefQuiz */,
				BB3082DC28AA165A00FADEEE /* SightReading */,
				BB3082DB28AA165200FADEEE /* Onboarding */,
				BB3082DA28AA164800FADEEE /* Practice */,
				BB3082D928AA163600FADEEE /* Settings */,
				BB3082D828AA163000FADEEE /* Dashboard */,
			);
			path = Model;
			sourceTree = "<group>";
		};
		BB3082CC28AA103A00FADEEE /* View */ = {
			isa = PBXGroup;
			children = (
				BB3082D728AA161300FADEEE /* Dashboard */,
				BB3082D628AA160800FADEEE /* Settings */,
				BB3082D528AA15FA00FADEEE /* Practice */,
				BB3082D428AA15EB00FADEEE /* Onboarding */,
				BB3082D328AA15D200FADEEE /* SightReading */,
				BB3082D228AA15C400FADEEE /* ClefQuiz */,
				BB3082D128AA15BA00FADEEE /* ClefLearn */,
				BB3082D028AA15B200FADEEE /* MusicalNoteQuiz */,
				BB3082CF28AA15A500FADEEE /* MusicalNoteLearn */,
				BB3082CE28AA158600FADEEE /* ScalesQuiz */,
				BB3082CD28AA156900FADEEE /* ScalesLearn */,
			);
			path = View;
			sourceTree = "<group>";
		};
		BB3082CD28AA156900FADEEE /* ScalesLearn */ = {
			isa = PBXGroup;
			children = (
			);
			path = ScalesLearn;
			sourceTree = "<group>";
		};
		BB3082CE28AA158600FADEEE /* ScalesQuiz */ = {
			isa = PBXGroup;
			children = (
			);
			path = ScalesQuiz;
			sourceTree = "<group>";
		};
		BB3082CF28AA15A500FADEEE /* MusicalNoteLearn */ = {
			isa = PBXGroup;
			children = (
			);
			path = MusicalNoteLearn;
			sourceTree = "<group>";
		};
		BB3082D028AA15B200FADEEE /* MusicalNoteQuiz */ = {
			isa = PBXGroup;
			children = (
			);
			path = MusicalNoteQuiz;
			sourceTree = "<group>";
		};
		BB3082D128AA15BA00FADEEE /* ClefLearn */ = {
			isa = PBXGroup;
			children = (
			);
			path = ClefLearn;
			sourceTree = "<group>";
		};
		BB3082D228AA15C400FADEEE /* ClefQuiz */ = {
			isa = PBXGroup;
			children = (
			);
			path = ClefQuiz;
			sourceTree = "<group>";
		};
		BB3082D328AA15D200FADEEE /* SightReading */ = {
			isa = PBXGroup;
			children = (
			);
			path = SightReading;
			sourceTree = "<group>";
		};
		BB3082D428AA15EB00FADEEE /* Onboarding */ = {
			isa = PBXGroup;
			children = (
			);
			path = Onboarding;
			sourceTree = "<group>";
		};
		BB3082D528AA15FA00FADEEE /* Practice */ = {
			isa = PBXGroup;
			children = (
			);
			path = Practice;
			sourceTree = "<group>";
		};
		BB3082D628AA160800FADEEE /* Settings */ = {
			isa = PBXGroup;
			children = (
			);
			path = Settings;
			sourceTree = "<group>";
		};
		BB3082D728AA161300FADEEE /* Dashboard */ = {
			isa = PBXGroup;
			children = (
			);
			path = Dashboard;
			sourceTree = "<group>";
		};
		BB3082D828AA163000FADEEE /* Dashboard */ = {
			isa = PBXGroup;
			children = (
			);
			path = Dashboard;
			sourceTree = "<group>";
		};
		BB3082D928AA163600FADEEE /* Settings */ = {
			isa = PBXGroup;
			children = (
			);
			path = Settings;
			sourceTree = "<group>";
		};
		BB3082DA28AA164800FADEEE /* Practice */ = {
			isa = PBXGroup;
			children = (
			);
			path = Practice;
			sourceTree = "<group>";
		};
		BB3082DB28AA165200FADEEE /* Onboarding */ = {
			isa = PBXGroup;
			children = (
			);
			path = Onboarding;
			sourceTree = "<group>";
		};
		BB3082DC28AA165A00FADEEE /* SightReading */ = {
			isa = PBXGroup;
			children = (
			);
			path = SightReading;
			sourceTree = "<group>";
		};
		BB3082DD28AA166200FADEEE /* ClefQuiz */ = {
			isa = PBXGroup;
			children = (
			);
			path = ClefQuiz;
			sourceTree = "<group>";
		};
		BB3082DE28AA166A00FADEEE /* ClefLearn */ = {
			isa = PBXGroup;
			children = (
			);
			path = ClefLearn;
			sourceTree = "<group>";
		};
		BB3082DF28AA167000FADEEE /* MusicalNoteQuiz */ = {
			isa = PBXGroup;
			children = (
			);
			path = MusicalNoteQuiz;
			sourceTree = "<group>";
		};
		BB3082E028AA167900FADEEE /* MusicalNoteLearn */ = {
			isa = PBXGroup;
			children = (
			);
			path = MusicalNoteLearn;
			sourceTree = "<group>";
		};
		BB3082E128AA168100FADEEE /* ScalesQuiz */ = {
			isa = PBXGroup;
			children = (
			);
			path = ScalesQuiz;
			sourceTree = "<group>";
		};
		BB3082E228AA168700FADEEE /* ScalesLearn */ = {
			isa = PBXGroup;
			children = (
			);
			path = ScalesLearn;
			sourceTree = "<group>";
		};
		BB3082E428AA182A00FADEEE /* Extentions */ = {
			isa = PBXGroup;
			children = (
			);
			path = Extentions;
			sourceTree = "<group>";
		};
		BBC593A328A64A6800DEEF74 = {
			isa = PBXGroup;
			children = (
				BBC593AE28A64A6800DEEF74 /* MyNoteTrainer */,
				BBC593AD28A64A6800DEEF74 /* Products */,
			);
			sourceTree = "<group>";
		};
		BBC593AD28A64A6800DEEF74 /* Products */ = {
			isa = PBXGroup;
			children = (
				BBC593AC28A64A6800DEEF74 /* MyNoteTrainer.app */,
			);
			name = Products;
			sourceTree = "<group>";
		};
		BBC593AE28A64A6800DEEF74 /* MyNoteTrainer */ = {
			isa = PBXGroup;
			children = (
				BB3082CC28AA103A00FADEEE /* View */,
				BB3082CB28AA103600FADEEE /* Model */,
				BB3082CA28AA102A00FADEEE /* Sounds */,
				BB3082C928AA102400FADEEE /* Utils */,
				BBC593AF28A64A6800DEEF74 /* MyNoteTrainerApp.swift */,
				BBC593B128A64A6800DEEF74 /* ContentView.swift */,
				BBC593B328A64A6B00DEEF74 /* Assets.xcassets */,
				BBC593B528A64A6B00DEEF74 /* Preview Content */,
			);
			path = MyNoteTrainer;
			sourceTree = "<group>";
		};
		BBC593B528A64A6B00DEEF74 /* Preview Content */ = {
			isa = PBXGroup;
			children = (
				BBC593B628A64A6B00DEEF74 /* Preview Assets.xcassets */,
			);
			path = "Preview Content";
			sourceTree = "<group>";
		};
/* End PBXGroup section */

/* Begin PBXNativeTarget section */
		BBC593AB28A64A6800DEEF74 /* MyNoteTrainer */ = {
			isa = PBXNativeTarget;
			buildConfigurationList = BBC593BA28A64A6B00DEEF74 /* Build configuration list for PBXNativeTarget "MyNoteTrainer" */;
			buildPhases = (
				BBC593A828A64A6800DEEF74 /* Sources */,
				BBC593A928A64A6800DEEF74 /* Frameworks */,
				BBC593AA28A64A6800DEEF74 /* Resources */,
			);
			buildRules = (
			);
			dependencies = (
			);
			name = MyNoteTrainer;
			productName = MyNoteTrainer;
			productReference = BBC593AC28A64A6800DEEF74 /* MyNoteTrainer.app */;
			productType = "com.apple.product-type.application";
		};
/* End PBXNativeTarget section */

/* Begin PBXProject section */
		BBC593A428A64A6800DEEF74 /* Project object */ = {
			isa = PBXProject;
			attributes = {
				BuildIndependentTargetsInParallel = 1;
				LastSwiftUpdateCheck = 1340;
				LastUpgradeCheck = 1340;
				TargetAttributes = {
					BBC593AB28A64A6800DEEF74 = {
						CreatedOnToolsVersion = 13.4.1;
					};
				};
			};
			buildConfigurationList = BBC593A728A64A6800DEEF74 /* Build configuration list for PBXProject "MyNoteTrainer" */;
			compatibilityVersion = "Xcode 13.0";
			developmentRegion = en;
			hasScannedForEncodings = 0;
			knownRegions = (
				en,
				Base,
			);
			mainGroup = BBC593A328A64A6800DEEF74;
			productRefGroup = BBC593AD28A64A6800DEEF74 /* Products */;
			projectDirPath = "";
			projectRoot = "";
			targets = (
				BBC593AB28A64A6800DEEF74 /* MyNoteTrainer */,
			);
		};
/* End PBXProject section */

/* Begin PBXResourcesBuildPhase section */
		BBC593AA28A64A6800DEEF74 /* Resources */ = {
			isa = PBXResourcesBuildPhase;
			buildActionMask = 2147483647;
			files = (
				BBC593B728A64A6B00DEEF74 /* Preview Assets.xcassets in Resources */,
				BBC593B428A64A6B00DEEF74 /* Assets.xcassets in Resources */,
			);
			runOnlyForDeploymentPostprocessing = 0;
		};
/* End PBXResourcesBuildPhase section */

/* Begin PBXSourcesBuildPhase section */
		BBC593A828A64A6800DEEF74 /* Sources */ = {
			isa = PBXSourcesBuildPhase;
			buildActionMask = 2147483647;
			files = (
				BBC593B228A64A6800DEEF74 /* ContentView.swift in Sources */,
				BBC593B028A64A6800DEEF74 /* MyNoteTrainerApp.swift in Sources */,
			);
			runOnlyForDeploymentPostprocessing = 0;
		};
/* End PBXSourcesBuildPhase section */

/* Begin XCBuildConfiguration section */
		BBC593B828A64A6B00DEEF74 /* Debug */ = {
			isa = XCBuildConfiguration;
			buildSettings = {
				ALWAYS_SEARCH_USER_PATHS = NO;
				CLANG_ANALYZER_NONNULL = YES;
				CLANG_ANALYZER_NUMBER_OBJECT_CONVERSION = YES_AGGRESSIVE;
				CLANG_CXX_LANGUAGE_STANDARD = "gnu++17";
				CLANG_ENABLE_MODULES = YES;
				CLANG_ENABLE_OBJC_ARC = YES;
				CLANG_ENABLE_OBJC_WEAK = YES;
				CLANG_WARN_BLOCK_CAPTURE_AUTORELEASING = YES;
				CLANG_WARN_BOOL_CONVERSION = YES;
				CLANG_WARN_COMMA = YES;
				CLANG_WARN_CONSTANT_CONVERSION = YES;
				CLANG_WARN_DEPRECATED_OBJC_IMPLEMENTATIONS = YES;
				CLANG_WARN_DIRECT_OBJC_ISA_USAGE = YES_ERROR;
				CLANG_WARN_DOCUMENTATION_COMMENTS = YES;
				CLANG_WARN_EMPTY_BODY = YES;
				CLANG_WARN_ENUM_CONVERSION = YES;
				CLANG_WARN_INFINITE_RECURSION = YES;
				CLANG_WARN_INT_CONVERSION = YES;
				CLANG_WARN_NON_LITERAL_NULL_CONVERSION = YES;
				CLANG_WARN_OBJC_IMPLICIT_RETAIN_SELF = YES;
				CLANG_WARN_OBJC_LITERAL_CONVERSION = YES;
				CLANG_WARN_OBJC_ROOT_CLASS = YES_ERROR;
				CLANG_WARN_QUOTED_INCLUDE_IN_FRAMEWORK_HEADER = YES;
				CLANG_WARN_RANGE_LOOP_ANALYSIS = YES;
				CLANG_WARN_STRICT_PROTOTYPES = YES;
				CLANG_WARN_SUSPICIOUS_MOVE = YES;
				CLANG_WARN_UNGUARDED_AVAILABILITY = YES_AGGRESSIVE;
				CLANG_WARN_UNREACHABLE_CODE = YES;
				CLANG_WARN__DUPLICATE_METHOD_MATCH = YES;
				COPY_PHASE_STRIP = NO;
				DEBUG_INFORMATION_FORMAT = dwarf;
				ENABLE_STRICT_OBJC_MSGSEND = YES;
				ENABLE_TESTABILITY = YES;
				GCC_C_LANGUAGE_STANDARD = gnu11;
				GCC_DYNAMIC_NO_PIC = NO;
				GCC_NO_COMMON_BLOCKS = YES;
				GCC_OPTIMIZATION_LEVEL = 0;
				GCC_PREPROCESSOR_DEFINITIONS = (
					"DEBUG=1",
					"$(inherited)",
				);
				GCC_WARN_64_TO_32_BIT_CONVERSION = YES;
				GCC_WARN_ABOUT_RETURN_TYPE = YES_ERROR;
				GCC_WARN_UNDECLARED_SELECTOR = YES;
				GCC_WARN_UNINITIALIZED_AUTOS = YES_AGGRESSIVE;
				GCC_WARN_UNUSED_FUNCTION = YES;
				GCC_WARN_UNUSED_VARIABLE = YES;
				IPHONEOS_DEPLOYMENT_TARGET = 15.5;
				MTL_ENABLE_DEBUG_INFO = INCLUDE_SOURCE;
				MTL_FAST_MATH = YES;
				ONLY_ACTIVE_ARCH = YES;
				SDKROOT = iphoneos;
				SWIFT_ACTIVE_COMPILATION_CONDITIONS = DEBUG;
				SWIFT_OPTIMIZATION_LEVEL = "-Onone";
			};
			name = Debug;
		};
		BBC593B928A64A6B00DEEF74 /* Release */ = {
			isa = XCBuildConfiguration;
			buildSettings = {
				ALWAYS_SEARCH_USER_PATHS = NO;
				CLANG_ANALYZER_NONNULL = YES;
				CLANG_ANALYZER_NUMBER_OBJECT_CONVERSION = YES_AGGRESSIVE;
				CLANG_CXX_LANGUAGE_STANDARD = "gnu++17";
				CLANG_ENABLE_MODULES = YES;
				CLANG_ENABLE_OBJC_ARC = YES;
				CLANG_ENABLE_OBJC_WEAK = YES;
				CLANG_WARN_BLOCK_CAPTURE_AUTORELEASING = YES;
				CLANG_WARN_BOOL_CONVERSION = YES;
				CLANG_WARN_COMMA = YES;
				CLANG_WARN_CONSTANT_CONVERSION = YES;
				CLANG_WARN_DEPRECATED_OBJC_IMPLEMENTATIONS = YES;
				CLANG_WARN_DIRECT_OBJC_ISA_USAGE = YES_ERROR;
				CLANG_WARN_DOCUMENTATION_COMMENTS = YES;
				CLANG_WARN_EMPTY_BODY = YES;
				CLANG_WARN_ENUM_CONVERSION = YES;
				CLANG_WARN_INFINITE_RECURSION = YES;
				CLANG_WARN_INT_CONVERSION = YES;
				CLANG_WARN_NON_LITERAL_NULL_CONVERSION = YES;
				CLANG_WARN_OBJC_IMPLICIT_RETAIN_SELF = YES;
				CLANG_WARN_OBJC_LITERAL_CONVERSION = YES;
				CLANG_WARN_OBJC_ROOT_CLASS = YES_ERROR;
				CLANG_WARN_QUOTED_INCLUDE_IN_FRAMEWORK_HEADER = YES;
				CLANG_WARN_RANGE_LOOP_ANALYSIS = YES;
				CLANG_WARN_STRICT_PROTOTYPES = YES;
				CLANG_WARN_SUSPICIOUS_MOVE = YES;
				CLANG_WARN_UNGUARDED_AVAILABILITY = YES_AGGRESSIVE;
				CLANG_WARN_UNREACHABLE_CODE = YES;
				CLANG_WARN__DUPLICATE_METHOD_MATCH = YES;
				COPY_PHASE_STRIP = NO;
				DEBUG_INFORMATION_FORMAT = "dwarf-with-dsym";
				ENABLE_NS_ASSERTIONS = NO;
				ENABLE_STRICT_OBJC_MSGSEND = YES;
				GCC_C_LANGUAGE_STANDARD = gnu11;
				GCC_NO_COMMON_BLOCKS = YES;
				GCC_WARN_64_TO_32_BIT_CONVERSION = YES;
				GCC_WARN_ABOUT_RETURN_TYPE = YES_ERROR;
				GCC_WARN_UNDECLARED_SELECTOR = YES;
				GCC_WARN_UNINITIALIZED_AUTOS = YES_AGGRESSIVE;
				GCC_WARN_UNUSED_FUNCTION = YES;
				GCC_WARN_UNUSED_VARIABLE = YES;
				IPHONEOS_DEPLOYMENT_TARGET = 15.5;
				MTL_ENABLE_DEBUG_INFO = NO;
				MTL_FAST_MATH = YES;
				SDKROOT = iphoneos;
				SWIFT_COMPILATION_MODE = wholemodule;
				SWIFT_OPTIMIZATION_LEVEL = "-O";
				VALIDATE_PRODUCT = YES;
			};
			name = Release;
		};
		BBC593BB28A64A6B00DEEF74 /* Debug */ = {
			isa = XCBuildConfiguration;
			buildSettings = {
				ASSETCATALOG_COMPILER_APPICON_NAME = AppIcon;
				ASSETCATALOG_COMPILER_GLOBAL_ACCENT_COLOR_NAME = AccentColor;
				CODE_SIGN_STYLE = Automatic;
				CURRENT_PROJECT_VERSION = 1;
				DEVELOPMENT_ASSET_PATHS = "\"MyNoteTrainer/Preview Content\"";
				DEVELOPMENT_TEAM = AK3CFW6FWF;
				ENABLE_PREVIEWS = YES;
				GENERATE_INFOPLIST_FILE = YES;
				INFOPLIST_KEY_UIApplicationSceneManifest_Generation = YES;
				INFOPLIST_KEY_UIApplicationSupportsIndirectInputEvents = YES;
				INFOPLIST_KEY_UILaunchScreen_Generation = YES;
				INFOPLIST_KEY_UISupportedInterfaceOrientations_iPad = "UIInterfaceOrientationPortrait UIInterfaceOrientationPortraitUpsideDown UIInterfaceOrientationLandscapeLeft UIInterfaceOrientationLandscapeRight";
				INFOPLIST_KEY_UISupportedInterfaceOrientations_iPhone = "UIInterfaceOrientationPortrait UIInterfaceOrientationLandscapeLeft UIInterfaceOrientationLandscapeRight";
				LD_RUNPATH_SEARCH_PATHS = (
					"$(inherited)",
					"@executable_path/Frameworks",
				);
				MARKETING_VERSION = 1.0;
				PRODUCT_BUNDLE_IDENTIFIER = id.rifan.MyNoteTrainer;
				PRODUCT_NAME = "$(TARGET_NAME)";
				SWIFT_EMIT_LOC_STRINGS = YES;
				SWIFT_VERSION = 5.0;
				TARGETED_DEVICE_FAMILY = "1,2";
			};
			name = Debug;
		};
		BBC593BC28A64A6B00DEEF74 /* Release */ = {
			isa = XCBuildConfiguration;
			buildSettings = {
				ASSETCATALOG_COMPILER_APPICON_NAME = AppIcon;
				ASSETCATALOG_COMPILER_GLOBAL_ACCENT_COLOR_NAME = AccentColor;
				CODE_SIGN_STYLE = Automatic;
				CURRENT_PROJECT_VERSION = 1;
				DEVELOPMENT_ASSET_PATHS = "\"MyNoteTrainer/Preview Content\"";
				DEVELOPMENT_TEAM = AK3CFW6FWF;
				ENABLE_PREVIEWS = YES;
				GENERATE_INFOPLIST_FILE = YES;
				INFOPLIST_KEY_UIApplicationSceneManifest_Generation = YES;
				INFOPLIST_KEY_UIApplicationSupportsIndirectInputEvents = YES;
				INFOPLIST_KEY_UILaunchScreen_Generation = YES;
				INFOPLIST_KEY_UISupportedInterfaceOrientations_iPad = "UIInterfaceOrientationPortrait UIInterfaceOrientationPortraitUpsideDown UIInterfaceOrientationLandscapeLeft UIInterfaceOrientationLandscapeRight";
				INFOPLIST_KEY_UISupportedInterfaceOrientations_iPhone = "UIInterfaceOrientationPortrait UIInterfaceOrientationLandscapeLeft UIInterfaceOrientationLandscapeRight";
				LD_RUNPATH_SEARCH_PATHS = (
					"$(inherited)",
					"@executable_path/Frameworks",
				);
				MARKETING_VERSION = 1.0;
				PRODUCT_BUNDLE_IDENTIFIER = id.rifan.MyNoteTrainer;
				PRODUCT_NAME = "$(TARGET_NAME)";
				SWIFT_EMIT_LOC_STRINGS = YES;
				SWIFT_VERSION = 5.0;
				TARGETED_DEVICE_FAMILY = "1,2";
			};
			name = Release;
		};
/* End XCBuildConfiguration section */

/* Begin XCConfigurationList section */
		BBC593A728A64A6800DEEF74 /* Build configuration list for PBXProject "MyNoteTrainer" */ = {
			isa = XCConfigurationList;
			buildConfigurations = (
				BBC593B828A64A6B00DEEF74 /* Debug */,
				BBC593B928A64A6B00DEEF74 /* Release */,
			);
			defaultConfigurationIsVisible = 0;
			defaultConfigurationName = Release;
		};
		BBC593BA28A64A6B00DEEF74 /* Build configuration list for PBXNativeTarget "MyNoteTrainer" */ = {
			isa = XCConfigurationList;
			buildConfigurations = (
				BBC593BB28A64A6B00DEEF74 /* Debug */,
				BBC593BC28A64A6B00DEEF74 /* Release */,
			);
			defaultConfigurationIsVisible = 0;
			defaultConfigurationName = Release;
		};
/* End XCConfigurationList section */
	};
	rootObject = BBC593A428A64A6800DEEF74 /* Project object */;
}
